
Microsoft Visual Studio Solution File, Format Version 12.00
# Visual Studio Version 17
VisualStudioVersion = 17.9.34622.214
MinimumVisualStudioVersion = 10.0.40219.1
Project("{9A19103F-16F7-4668-BE54-9A1E7A4F7556}") = "projektWSP", "projektWSP\projektWSP.csproj", "{86878BD7-6C0A-4063-9AB4-DCD2E48A0C3B}"
EndProject
Project("{FAE04EC0-301F-11D3-BF4B-00C04F79EFBC}") = "nununitWSP", "nununitWSP\nununitWSP.csproj", "{49F55181-E16C-442F-9A85-6043FEF75E11}"
EndProject
Global
	GlobalSection(SolutionConfigurationPlatforms) = preSolution
		Debug|Any CPU = Debug|Any CPU
		Release|Any CPU = Release|Any CPU
	EndGlobalSection
	GlobalSection(ProjectConfigurationPlatforms) = postSolution
		{86878BD7-6C0A-4063-9AB4-DCD2E48A0C3B}.Debug|Any CPU.ActiveCfg = Debug|Any CPU
		{86878BD7-6C0A-4063-9AB4-DCD2E48A0C3B}.Debug|Any CPU.Build.0 = Debug|Any CPU
		{86878BD7-6C0A-4063-9AB4-DCD2E48A0C3B}.Release|Any CPU.ActiveCfg = Release|Any CPU
		{86878BD7-6C0A-4063-9AB4-DCD2E48A0C3B}.Release|Any CPU.Build.0 = Release|Any CPU
		{49F55181-E16C-442F-9A85-6043FEF75E11}.Debug|Any CPU.ActiveCfg = Debug|Any CPU
		{49F55181-E16C-442F-9A85-6043FEF75E11}.Debug|Any CPU.Build.0 = Debug|Any CPU
		{49F55181-E16C-442F-9A85-6043FEF75E11}.Release|Any CPU.ActiveCfg = Release|Any CPU
		{49F55181-E16C-442F-9A85-6043FEF75E11}.Release|Any CPU.Build.0 = Release|Any CPU
	EndGlobalSection
	GlobalSection(SolutionProperties) = preSolution
		HideSolutionNode = FALSE
	EndGlobalSection
	GlobalSection(ExtensibilityGlobals) = postSolution
		SolutionGuid = {E6A7E292-F7A7-4A67-A3E0-1BB8A44ACE07}
	EndGlobalSection
EndGlobal
